
Microsoft Visual Studio Solution File, Format Version 12.00
# Visual Studio Version 17
VisualStudioVersion = 17.8.34322.80
MinimumVisualStudioVersion = 10.0.40219.1
Project("{FAE04EC0-301F-11D3-BF4B-00C04F79EFBC}") = "VectorBench", "VectorBench\VectorBench.csproj", "{24D7E488-D7C2-4296-B79E-106A19EAAECC}"
EndProject
Global
	GlobalSection(SolutionConfigurationPlatforms) = preSolution
		Debug|Any CPU = Debug|Any CPU
		Release|Any CPU = Release|Any CPU
	EndGlobalSection
	GlobalSection(ProjectConfigurationPlatforms) = postSolution
		{24D7E488-D7C2-4296-B79E-106A19EAAECC}.Debug|Any CPU.ActiveCfg = Debug|Any CPU
		{24D7E488-D7C2-4296-B79E-106A19EAAECC}.Debug|Any CPU.Build.0 = Debug|Any CPU
		{24D7E488-D7C2-4296-B79E-106A19EAAECC}.Release|Any CPU.ActiveCfg = Release|Any CPU
		{24D7E488-D7C2-4296-B79E-106A19EAAECC}.Release|Any CPU.Build.0 = Release|Any CPU
	EndGlobalSection
	GlobalSection(SolutionProperties) = preSolution
		HideSolutionNode = FALSE
	EndGlobalSection
	GlobalSection(ExtensibilityGlobals) = postSolution
		SolutionGuid = {8C4A02A7-EFB0-4C27-9084-E564BE4154D8}
	EndGlobalSection
EndGlobal
